
Microsoft Visual Studio Solution File, Format Version 12.00
# Visual Studio Version 16
VisualStudioVersion = 16.0.35229.62
MinimumVisualStudioVersion = 10.0.40219.1
Project("{FAE04EC0-301F-11D3-BF4B-00C04F79EFBC}") = "Student_Details", "Student_Details.csproj", "{4EF41D3F-512E-466C-A195-FD4A04520218}"
EndProject
Global
	GlobalSection(SolutionConfigurationPlatforms) = preSolution
		Debug|Any CPU = Debug|Any CPU
		Release|Any CPU = Release|Any CPU
	EndGlobalSection
	GlobalSection(ProjectConfigurationPlatforms) = postSolution
		{4EF41D3F-512E-466C-A195-FD4A04520218}.Debug|Any CPU.ActiveCfg = Debug|Any CPU
		{4EF41D3F-512E-466C-A195-FD4A04520218}.Debug|Any CPU.Build.0 = Debug|Any CPU
		{4EF41D3F-512E-466C-A195-FD4A04520218}.Release|Any CPU.ActiveCfg = Release|Any CPU
		{4EF41D3F-512E-466C-A195-FD4A04520218}.Release|Any CPU.Build.0 = Release|Any CPU
	EndGlobalSection
	GlobalSection(SolutionProperties) = preSolution
		HideSolutionNode = FALSE
	EndGlobalSection
	GlobalSection(ExtensibilityGlobals) = postSolution
		SolutionGuid = {0CB9BC18-40C7-4FA9-BA36-0FB6A525BEAE}
	EndGlobalSection
EndGlobal
