
Microsoft Visual Studio Solution File, Format Version 12.00
# Visual Studio Version 16
VisualStudioVersion = 16.0.35425.106
MinimumVisualStudioVersion = 10.0.40219.1
Project("{FAE04EC0-301F-11D3-BF4B-00C04F79EFBC}") = "Product_Management", "Product_Management.csproj", "{C604FC6A-3220-4DF9-8000-AF108C61032D}"
EndProject
Global
	GlobalSection(SolutionConfigurationPlatforms) = preSolution
		Debug|Any CPU = Debug|Any CPU
		Release|Any CPU = Release|Any CPU
	EndGlobalSection
	GlobalSection(ProjectConfigurationPlatforms) = postSolution
		{C604FC6A-3220-4DF9-8000-AF108C61032D}.Debug|Any CPU.ActiveCfg = Debug|Any CPU
		{C604FC6A-3220-4DF9-8000-AF108C61032D}.Debug|Any CPU.Build.0 = Debug|Any CPU
		{C604FC6A-3220-4DF9-8000-AF108C61032D}.Release|Any CPU.ActiveCfg = Release|Any CPU
		{C604FC6A-3220-4DF9-8000-AF108C61032D}.Release|Any CPU.Build.0 = Release|Any CPU
	EndGlobalSection
	GlobalSection(SolutionProperties) = preSolution
		HideSolutionNode = FALSE
	EndGlobalSection
	GlobalSection(ExtensibilityGlobals) = postSolution
		SolutionGuid = {CE1703B8-64E8-4152-9186-C12E6DC215E7}
	EndGlobalSection
EndGlobal
